
Microsoft Visual Studio Solution File, Format Version 12.00
# Visual Studio Version 17
VisualStudioVersion = 17.4.33213.308
MinimumVisualStudioVersion = 10.0.40219.1
Project("{FAE04EC0-301F-11D3-BF4B-00C04F79EFBC}") = "TinhLuongGrossNet", "TinhLuongGrossNet\TinhLuongGrossNet.csproj", "{36102C33-452F-45AB-8541-3EEFA3781CB4}"
EndProject
Global
	GlobalSection(SolutionConfigurationPlatforms) = preSolution
		Debug|Any CPU = Debug|Any CPU
		Release|Any CPU = Release|Any CPU
	EndGlobalSection
	GlobalSection(ProjectConfigurationPlatforms) = postSolution
		{36102C33-452F-45AB-8541-3EEFA3781CB4}.Debug|Any CPU.ActiveCfg = Debug|Any CPU
		{36102C33-452F-45AB-8541-3EEFA3781CB4}.Debug|Any CPU.Build.0 = Debug|Any CPU
		{36102C33-452F-45AB-8541-3EEFA3781CB4}.Release|Any CPU.ActiveCfg = Release|Any CPU
		{36102C33-452F-45AB-8541-3EEFA3781CB4}.Release|Any CPU.Build.0 = Release|Any CPU
	EndGlobalSection
	GlobalSection(SolutionProperties) = preSolution
		HideSolutionNode = FALSE
	EndGlobalSection
	GlobalSection(ExtensibilityGlobals) = postSolution
		SolutionGuid = {517748B0-DA46-4A28-A0B0-FBC02083E153}
	EndGlobalSection
EndGlobal
